{
  "name": "pareto-buildenvironment",
  "version": "0.321.0",
  "lockfileVersion": 3,
  "requires": true,
  "packages": {
    "": {
      "name": "pareto-buildenvironment",
      "version": "0.321.0",
      "dependencies": {
        "npm-updatedependencies2latest": "^0.0.18",
        "typescript": "^5.5.4"
      }
    },
    "node_modules/npm-updatedependencies2latest": {
      "version": "0.0.18",
      "resolved": "https://registry.npmjs.org/npm-updatedependencies2latest/-/npm-updatedependencies2latest-0.0.18.tgz",
      "integrity": "sha512-ffh7o3JioLEFnoMNiky6zCzDgU6+pG4lCUlkuOS8QB3a3UjNO8kiT9KSOwELRWT0M+AeyFlKDKCQhXuzRV06+w==",
      "license": "ISC",
      "bin": {
        "update2latest": "dist/index.js"
      }
    },
    "node_modules/typescript": {
      "version": "5.5.4",
      "resolved": "https://registry.npmjs.org/typescript/-/typescript-5.5.4.tgz",
      "integrity": "sha512-Mtq29sKDAEYP7aljRgtPOpTvOfbwRWlS6dPRzwjdE+C0R4brX/GUyhHSecbHMFLNBLcJIPt9nl9yG5TZ1weH+Q==",
      "license": "Apache-2.0",
      "bin": {
        "tsc": "bin/tsc",
        "tsserver": "bin/tsserver"
      },
      "engines": {
        "node": ">=14.17"
      }
    }
  }
}
