{
  "name": "pareto-buildenvironment",
  "version": "0.307.0",
  "lockfileVersion": 2,
  "requires": true,
  "packages": {
    "": {
      "name": "pareto-buildenvironment",
      "version": "0.307.0",
      "dependencies": {
        "npm-updatedependencies2latest": "^0.0.10",
        "typescript": "^5.0.2"
      }
    },
    "node_modules/npm-updatedependencies2latest": {
      "version": "0.0.10",
      "resolved": "https://registry.npmjs.org/npm-updatedependencies2latest/-/npm-updatedependencies2latest-0.0.10.tgz",
      "integrity": "sha512-sjMJWNC1ZPujZPQtKbI5NGGJjfXN2aR/uswf0tUuwUg+0qD6xzhtQOR+pB2dmru38FMmsJObxqywStYVKMTIPQ=="
    },
    "node_modules/typescript": {
      "version": "5.0.2",
      "resolved": "https://registry.npmjs.org/typescript/-/typescript-5.0.2.tgz",
      "integrity": "sha512-wVORMBGO/FAs/++blGNeAVdbNKtIh1rbBL2EyQ1+J9lClJ93KiiKe8PmFIVdXhHcyv44SL9oglmfeSsndo0jRw==",
      "bin": {
        "tsc": "bin/tsc",
        "tsserver": "bin/tsserver"
      },
      "engines": {
        "node": ">=12.20"
      }
    }
  },
  "dependencies": {
    "npm-updatedependencies2latest": {
      "version": "0.0.10",
      "resolved": "https://registry.npmjs.org/npm-updatedependencies2latest/-/npm-updatedependencies2latest-0.0.10.tgz",
      "integrity": "sha512-sjMJWNC1ZPujZPQtKbI5NGGJjfXN2aR/uswf0tUuwUg+0qD6xzhtQOR+pB2dmru38FMmsJObxqywStYVKMTIPQ=="
    },
    "typescript": {
      "version": "5.0.2",
      "resolved": "https://registry.npmjs.org/typescript/-/typescript-5.0.2.tgz",
      "integrity": "sha512-wVORMBGO/FAs/++blGNeAVdbNKtIh1rbBL2EyQ1+J9lClJ93KiiKe8PmFIVdXhHcyv44SL9oglmfeSsndo0jRw=="
    }
  }
}
