{
  "name": "pareto-buildenvironment",
  "version": "0.243.0",
  "lockfileVersion": 2,
  "requires": true,
  "packages": {
    "": {
      "name": "pareto-buildenvironment",
      "version": "0.243.0",
      "dependencies": {
        "npm-updatedependencies2latest": "^0.0.2",
        "typescript": "^4.9.3"
      }
    },
    "node_modules/npm-updatedependencies2latest": {
      "version": "0.0.2",
      "resolved": "https://registry.npmjs.org/npm-updatedependencies2latest/-/npm-updatedependencies2latest-0.0.2.tgz",
      "integrity": "sha512-bsu2hPXLWR7NYzC3BtbROlTBRWuoGU/wmyJoa1rqn8d5eD4+fFiBlfMo1HOXhdlgnM/86tFQVsLycLfFKEO9Ag=="
    },
    "node_modules/typescript": {
      "version": "4.9.5",
      "resolved": "https://registry.npmjs.org/typescript/-/typescript-4.9.5.tgz",
      "integrity": "sha512-1FXk9E2Hm+QzZQ7z+McJiHL4NW1F2EzMu9Nq9i3zAaGqibafqYwCVU6WyWAuyQRRzOlxou8xZSyXLEN8oKj24g==",
      "bin": {
        "tsc": "bin/tsc",
        "tsserver": "bin/tsserver"
      },
      "engines": {
        "node": ">=4.2.0"
      }
    }
  },
  "dependencies": {
    "npm-updatedependencies2latest": {
      "version": "0.0.2",
      "resolved": "https://registry.npmjs.org/npm-updatedependencies2latest/-/npm-updatedependencies2latest-0.0.2.tgz",
      "integrity": "sha512-bsu2hPXLWR7NYzC3BtbROlTBRWuoGU/wmyJoa1rqn8d5eD4+fFiBlfMo1HOXhdlgnM/86tFQVsLycLfFKEO9Ag=="
    },
    "typescript": {
      "version": "4.9.5",
      "resolved": "https://registry.npmjs.org/typescript/-/typescript-4.9.5.tgz",
      "integrity": "sha512-1FXk9E2Hm+QzZQ7z+McJiHL4NW1F2EzMu9Nq9i3zAaGqibafqYwCVU6WyWAuyQRRzOlxou8xZSyXLEN8oKj24g=="
    }
  }
}
